// !$*UTF8*$!
{
	archiveVersion = 1;
	classes = {
	};
	objectVersion = 50;
	objects = {

/* Begin PBXBuildFile section */
		22ED7961224A946F00E2C365 /* AppDelegate.swift in Sources */ = {isa = PBXBuildFile; fileRef = 22ED7960224A946F00E2C365 /* AppDelegate.swift */; };
		22ED7963224A946F00E2C365 /* ViewController.swift in Sources */ = {isa = PBXBuildFile; fileRef = 22ED7962224A946F00E2C365 /* ViewController.swift */; };
		22ED7966224A946F00E2C365 /* Main.storyboard in Resources */ = {isa = PBXBuildFile; fileRef = 22ED7964224A946F00E2C365 /* Main.storyboard */; };
		22ED7968224A947000E2C365 /* Assets.xcassets in Resources */ = {isa = PBXBuildFile; fileRef = 22ED7967224A947000E2C365 /* Assets.xcassets */; };
		22ED796B224A947000E2C365 /* LaunchScreen.storyboard in Resources */ = {isa = PBXBuildFile; fileRef = 22ED7969224A947000E2C365 /* LaunchScreen.storyboard */; };
		22ED7973224A95DB00E2C365 /* ModalViewController.swift in Sources */ = {isa = PBXBuildFile; fileRef = 22ED7972224A95DB00E2C365 /* ModalViewController.swift */; };
		22ED7975224A996100E2C365 /* NavigationBaseViewController.swift in Sources */ = {isa = PBXBuildFile; fileRef = 22ED7974224A996100E2C365 /* NavigationBaseViewController.swift */; };
		22ED7977224A997500E2C365 /* NavigationNameViewController.swift in Sources */ = {isa = PBXBuildFile; fileRef = 22ED7976224A997500E2C365 /* NavigationNameViewController.swift */; };
/* End PBXBuildFile section */

/* Begin PBXFileReference section */
		22ED795D224A946F00E2C365 /* Session4.app */ = {isa = PBXFileReference; explicitFileType = wrapper.application; includeInIndex = 0; path = Session4.app; sourceTree = BUILT_PRODUCTS_DIR; };
		22ED7960224A946F00E2C365 /* AppDelegate.swift */ = {isa = PBXFileReference; lastKnownFileType = sourcecode.swift; path = AppDelegate.swift; sourceTree = "<group>"; };
		22ED7962224A946F00E2C365 /* ViewController.swift */ = {isa = PBXFileReference; lastKnownFileType = sourcecode.swift; path = ViewController.swift; sourceTree = "<group>"; };
		22ED7965224A946F00E2C365 /* Base */ = {isa = PBXFileReference; lastKnownFileType = file.storyboard; name = Base; path = Base.lproj/Main.storyboard; sourceTree = "<group>"; };
		22ED7967224A947000E2C365 /* Assets.xcassets */ = {isa = PBXFileReference; lastKnownFileType = folder.assetcatalog; path = Assets.xcassets; sourceTree = "<group>"; };
		22ED796A224A947000E2C365 /* Base */ = {isa = PBXFileReference; lastKnownFileType = file.storyboard; name = Base; path = Base.lproj/LaunchScreen.storyboard; sourceTree = "<group>"; };
		22ED796C224A947000E2C365 /* Info.plist */ = {isa = PBXFileReference; lastKnownFileType = text.plist.xml; path = Info.plist; sourceTree = "<group>"; };
		22ED7972224A95DB00E2C365 /* ModalViewController.swift */ = {isa = PBXFileReference; lastKnownFileType = sourcecode.swift; path = ModalViewController.swift; sourceTree = "<group>"; };
		22ED7974224A996100E2C365 /* NavigationBaseViewController.swift */ = {isa = PBXFileReference; lastKnownFileType = sourcecode.swift; path = NavigationBaseViewController.swift; sourceTree = "<group>"; };
		22ED7976224A997500E2C365 /* NavigationNameViewController.swift */ = {isa = PBXFileReference; lastKnownFileType = sourcecode.swift; path = NavigationNameViewController.swift; sourceTree = "<group>"; };
/* End PBXFileReference section */

/* Begin PBXFrameworksBuildPhase section */
		22ED795A224A946F00E2C365 /* Frameworks */ = {
			isa = PBXFrameworksBuildPhase;
			buildActionMask = 2147483647;
			files = (
			);
			runOnlyForDeploymentPostprocessing = 0;
		};
/* End PBXFrameworksBuildPhase section */

/* Begin PBXGroup section */
		22ED7954224A946F00E2C365 = {
			isa = PBXGroup;
			children = (
				22ED795F224A946F00E2C365 /* Session4 */,
				22ED795E224A946F00E2C365 /* Products */,
			);
			sourceTree = "<group>";
		};
		22ED795E224A946F00E2C365 /* Products */ = {
			isa = PBXGroup;
			children = (
				22ED795D224A946F00E2C365 /* Session4.app */,
			);
			name = Products;
			sourceTree = "<group>";
		};
		22ED795F224A946F00E2C365 /* Session4 */ = {
			isa = PBXGroup;
			children = (
				22ED7960224A946F00E2C365 /* AppDelegate.swift */,
				22ED7962224A946F00E2C365 /* ViewController.swift */,
				22ED7964224A946F00E2C365 /* Main.storyboard */,
				22ED7974224A996100E2C365 /* NavigationBaseViewController.swift */,
				22ED7976224A997500E2C365 /* NavigationNameViewController.swift */,
				22ED7972224A95DB00E2C365 /* ModalViewController.swift */,
				22ED7967224A947000E2C365 /* Assets.xcassets */,
				22ED7969224A947000E2C365 /* LaunchScreen.storyboard */,
				22ED796C224A947000E2C365 /* Info.plist */,
			);
			path = Session4;
			sourceTree = "<group>";
		};
/* End PBXGroup section */

/* Begin PBXNativeTarget section */
		22ED795C224A946F00E2C365 /* Session4 */ = {
			isa = PBXNativeTarget;
			buildConfigurationList = 22ED796F224A947000E2C365 /* Build configuration list for PBXNativeTarget "Session4" */;
			buildPhases = (
				22ED7959224A946F00E2C365 /* Sources */,
				22ED795A224A946F00E2C365 /* Frameworks */,
				22ED795B224A946F00E2C365 /* Resources */,
			);
			buildRules = (
			);
			dependencies = (
			);
			name = Session4;
			productName = Session4;
			productReference = 22ED795D224A946F00E2C365 /* Session4.app */;
			productType = "com.apple.product-type.application";
		};
/* End PBXNativeTarget section */

/* Begin PBXProject section */
		22ED7955224A946F00E2C365 /* Project object */ = {
			isa = PBXProject;
			attributes = {
				LastSwiftUpdateCheck = 1010;
				LastUpgradeCheck = 1010;
				ORGANIZATIONNAME = "TVI Software";
				TargetAttributes = {
					22ED795C224A946F00E2C365 = {
						CreatedOnToolsVersion = 10.1;
					};
				};
			};
			buildConfigurationList = 22ED7958224A946F00E2C365 /* Build configuration list for PBXProject "Session4" */;
			compatibilityVersion = "Xcode 9.3";
			developmentRegion = en;
			hasScannedForEncodings = 0;
			knownRegions = (
				en,
				Base,
			);
			mainGroup = 22ED7954224A946F00E2C365;
			productRefGroup = 22ED795E224A946F00E2C365 /* Products */;
			projectDirPath = "";
			projectRoot = "";
			targets = (
				22ED795C224A946F00E2C365 /* Session4 */,
			);
		};
/* End PBXProject section */

/* Begin PBXResourcesBuildPhase section */
		22ED795B224A946F00E2C365 /* Resources */ = {
			isa = PBXResourcesBuildPhase;
			buildActionMask = 2147483647;
			files = (
				22ED796B224A947000E2C365 /* LaunchScreen.storyboard in Resources */,
				22ED7968224A947000E2C365 /* Assets.xcassets in Resources */,
				22ED7966224A946F00E2C365 /* Main.storyboard in Resources */,
			);
			runOnlyForDeploymentPostprocessing = 0;
		};
/* End PBXResourcesBuildPhase section */

/* Begin PBXSourcesBuildPhase section */
		22ED7959224A946F00E2C365 /* Sources */ = {
			isa = PBXSourcesBuildPhase;
			buildActionMask = 2147483647;
			files = (
				22ED7963224A946F00E2C365 /* ViewController.swift in Sources */,
				22ED7973224A95DB00E2C365 /* ModalViewController.swift in Sources */,
				22ED7977224A997500E2C365 /* NavigationNameViewController.swift in Sources */,
				22ED7961224A946F00E2C365 /* AppDelegate.swift in Sources */,
				22ED7975224A996100E2C365 /* NavigationBaseViewController.swift in Sources */,
			);
			runOnlyForDeploymentPostprocessing = 0;
		};
/* End PBXSourcesBuildPhase section */

/* Begin PBXVariantGroup section */
		22ED7964224A946F00E2C365 /* Main.storyboard */ = {
			isa = PBXVariantGroup;
			children = (
				22ED7965224A946F00E2C365 /* Base */,
			);
			name = Main.storyboard;
			sourceTree = "<group>";
		};
		22ED7969224A947000E2C365 /* LaunchScreen.storyboard */ = {
			isa = PBXVariantGroup;
			children = (
				22ED796A224A947000E2C365 /* Base */,
			);
			name = LaunchScreen.storyboard;
			sourceTree = "<group>";
		};
/* End PBXVariantGroup section */

/* Begin XCBuildConfiguration section */
		22ED796D224A947000E2C365 /* Debug */ = {
			isa = XCBuildConfiguration;
			buildSettings = {
				ALWAYS_SEARCH_USER_PATHS = NO;
				CLANG_ANALYZER_NONNULL = YES;
				CLANG_ANALYZER_NUMBER_OBJECT_CONVERSION = YES_AGGRESSIVE;
				CLANG_CXX_LANGUAGE_STANDARD = "gnu++14";
				CLANG_CXX_LIBRARY = "libc++";
				CLANG_ENABLE_MODULES = YES;
				CLANG_ENABLE_OBJC_ARC = YES;
				CLANG_ENABLE_OBJC_WEAK = YES;
				CLANG_WARN_BLOCK_CAPTURE_AUTORELEASING = YES;
				CLANG_WARN_BOOL_CONVERSION = YES;
				CLANG_WARN_COMMA = YES;
				CLANG_WARN_CONSTANT_CONVERSION = YES;
				CLANG_WARN_DEPRECATED_OBJC_IMPLEMENTATIONS = YES;
				CLANG_WARN_DIRECT_OBJC_ISA_USAGE = YES_ERROR;
				CLANG_WARN_DOCUMENTATION_COMMENTS = YES;
				CLANG_WARN_EMPTY_BODY = YES;
				CLANG_WARN_ENUM_CONVERSION = YES;
				CLANG_WARN_INFINITE_RECURSION = YES;
				CLANG_WARN_INT_CONVERSION = YES;
				CLANG_WARN_NON_LITERAL_NULL_CONVERSION = YES;
				CLANG_WARN_OBJC_IMPLICIT_RETAIN_SELF = YES;
				CLANG_WARN_OBJC_LITERAL_CONVERSION = YES;
				CLANG_WARN_OBJC_ROOT_CLASS = YES_ERROR;
				CLANG_WARN_RANGE_LOOP_ANALYSIS = YES;
				CLANG_WARN_STRICT_PROTOTYPES = YES;
				CLANG_WARN_SUSPICIOUS_MOVE = YES;
				CLANG_WARN_UNGUARDED_AVAILABILITY = YES_AGGRESSIVE;
				CLANG_WARN_UNREACHABLE_CODE = YES;
				CLANG_WARN__DUPLICATE_METHOD_MATCH = YES;
				CODE_SIGN_IDENTITY = "iPhone Developer";
				COPY_PHASE_STRIP = NO;
				DEBUG_INFORMATION_FORMAT = dwarf;
				ENABLE_STRICT_OBJC_MSGSEND = YES;
				ENABLE_TESTABILITY = YES;
				GCC_C_LANGUAGE_STANDARD = gnu11;
				GCC_DYNAMIC_NO_PIC = NO;
				GCC_NO_COMMON_BLOCKS = YES;
				GCC_OPTIMIZATION_LEVEL = 0;
				GCC_PREPROCESSOR_DEFINITIONS = (
					"DEBUG=1",
					"$(inherited)",
				);
				GCC_WARN_64_TO_32_BIT_CONVERSION = YES;
				GCC_WARN_ABOUT_RETURN_TYPE = YES_ERROR;
				GCC_WARN_UNDECLARED_SELECTOR = YES;
				GCC_WARN_UNINITIALIZED_AUTOS = YES_AGGRESSIVE;
				GCC_WARN_UNUSED_FUNCTION = YES;
				GCC_WARN_UNUSED_VARIABLE = YES;
				IPHONEOS_DEPLOYMENT_TARGET = 12.1;
				MTL_ENABLE_DEBUG_INFO = INCLUDE_SOURCE;
				MTL_FAST_MATH = YES;
				ONLY_ACTIVE_ARCH = YES;
				SDKROOT = iphoneos;
				SWIFT_ACTIVE_COMPILATION_CONDITIONS = DEBUG;
				SWIFT_OPTIMIZATION_LEVEL = "-Onone";
			};
			name = Debug;
		};
		22ED796E224A947000E2C365 /* Release */ = {
			isa = XCBuildConfiguration;
			buildSettings = {
				ALWAYS_SEARCH_USER_PATHS = NO;
				CLANG_ANALYZER_NONNULL = YES;
				CLANG_ANALYZER_NUMBER_OBJECT_CONVERSION = YES_AGGRESSIVE;
				CLANG_CXX_LANGUAGE_STANDARD = "gnu++14";
				CLANG_CXX_LIBRARY = "libc++";
				CLANG_ENABLE_MODULES = YES;
				CLANG_ENABLE_OBJC_ARC = YES;
				CLANG_ENABLE_OBJC_WEAK = YES;
				CLANG_WARN_BLOCK_CAPTURE_AUTORELEASING = YES;
				CLANG_WARN_BOOL_CONVERSION = YES;
				CLANG_WARN_COMMA = YES;
				CLANG_WARN_CONSTANT_CONVERSION = YES;
				CLANG_WARN_DEPRECATED_OBJC_IMPLEMENTATIONS = YES;
				CLANG_WARN_DIRECT_OBJC_ISA_USAGE = YES_ERROR;
				CLANG_WARN_DOCUMENTATION_COMMENTS = YES;
				CLANG_WARN_EMPTY_BODY = YES;
				CLANG_WARN_ENUM_CONVERSION = YES;
				CLANG_WARN_INFINITE_RECURSION = YES;
				CLANG_WARN_INT_CONVERSION = YES;
				CLANG_WARN_NON_LITERAL_NULL_CONVERSION = YES;
				CLANG_WARN_OBJC_IMPLICIT_RETAIN_SELF = YES;
				CLANG_WARN_OBJC_LITERAL_CONVERSION = YES;
				CLANG_WARN_OBJC_ROOT_CLASS = YES_ERROR;
				CLANG_WARN_RANGE_LOOP_ANALYSIS = YES;
				CLANG_WARN_STRICT_PROTOTYPES = YES;
				CLANG_WARN_SUSPICIOUS_MOVE = YES;
				CLANG_WARN_UNGUARDED_AVAILABILITY = YES_AGGRESSIVE;
				CLANG_WARN_UNREACHABLE_CODE = YES;
				CLANG_WARN__DUPLICATE_METHOD_MATCH = YES;
				CODE_SIGN_IDENTITY = "iPhone Developer";
				COPY_PHASE_STRIP = NO;
				DEBUG_INFORMATION_FORMAT = "dwarf-with-dsym";
				ENABLE_NS_ASSERTIONS = NO;
				ENABLE_STRICT_OBJC_MSGSEND = YES;
				GCC_C_LANGUAGE_STANDARD = gnu11;
				GCC_NO_COMMON_BLOCKS = YES;
				GCC_WARN_64_TO_32_BIT_CONVERSION = YES;
				GCC_WARN_ABOUT_RETURN_TYPE = YES_ERROR;
				GCC_WARN_UNDECLARED_SELECTOR = YES;
				GCC_WARN_UNINITIALIZED_AUTOS = YES_AGGRESSIVE;
				GCC_WARN_UNUSED_FUNCTION = YES;
				GCC_WARN_UNUSED_VARIABLE = YES;
				IPHONEOS_DEPLOYMENT_TARGET = 12.1;
				MTL_ENABLE_DEBUG_INFO = NO;
				MTL_FAST_MATH = YES;
				SDKROOT = iphoneos;
				SWIFT_COMPILATION_MODE = wholemodule;
				SWIFT_OPTIMIZATION_LEVEL = "-O";
				VALIDATE_PRODUCT = YES;
			};
			name = Release;
		};
		22ED7970224A947000E2C365 /* Debug */ = {
			isa = XCBuildConfiguration;
			buildSettings = {
				ASSETCATALOG_COMPILER_APPICON_NAME = AppIcon;
				CODE_SIGN_STYLE = Automatic;
				DEVELOPMENT_TEAM = J263FHT7P8;
				INFOPLIST_FILE = Session4/Info.plist;
				LD_RUNPATH_SEARCH_PATHS = (
					"$(inherited)",
					"@executable_path/Frameworks",
				);
				PRODUCT_BUNDLE_IDENTIFIER = tigereye.com.tvisoftware.Session4;
				PRODUCT_NAME = "$(TARGET_NAME)";
				SWIFT_VERSION = 4.2;
				TARGETED_DEVICE_FAMILY = "1,2";
			};
			name = Debug;
		};
		22ED7971224A947000E2C365 /* Release */ = {
			isa = XCBuildConfiguration;
			buildSettings = {
				ASSETCATALOG_COMPILER_APPICON_NAME = AppIcon;
				CODE_SIGN_STYLE = Automatic;
				DEVELOPMENT_TEAM = J263FHT7P8;
				INFOPLIST_FILE = Session4/Info.plist;
				LD_RUNPATH_SEARCH_PATHS = (
					"$(inherited)",
					"@executable_path/Frameworks",
				);
				PRODUCT_BUNDLE_IDENTIFIER = tigereye.com.tvisoftware.Session4;
				PRODUCT_NAME = "$(TARGET_NAME)";
				SWIFT_VERSION = 4.2;
				TARGETED_DEVICE_FAMILY = "1,2";
			};
			name = Release;
		};
/* End XCBuildConfiguration section */

/* Begin XCConfigurationList section */
		22ED7958224A946F00E2C365 /* Build configuration list for PBXProject "Session4" */ = {
			isa = XCConfigurationList;
			buildConfigurations = (
				22ED796D224A947000E2C365 /* Debug */,
				22ED796E224A947000E2C365 /* Release */,
			);
			defaultConfigurationIsVisible = 0;
			defaultConfigurationName = Release;
		};
		22ED796F224A947000E2C365 /* Build configuration list for PBXNativeTarget "Session4" */ = {
			isa = XCConfigurationList;
			buildConfigurations = (
				22ED7970224A947000E2C365 /* Debug */,
				22ED7971224A947000E2C365 /* Release */,
			);
			defaultConfigurationIsVisible = 0;
			defaultConfigurationName = Release;
		};
/* End XCConfigurationList section */
	};
	rootObject = 22ED7955224A946F00E2C365 /* Project object */;
}
