// !$*UTF8*$!
{
	archiveVersion = 1;
	classes = {
	};
	objectVersion = 50;
	objects = {

/* Begin PBXBuildFile section */
		2E4502DC224A7C5600820920 /* AppDelegate.swift in Sources */ = {isa = PBXBuildFile; fileRef = 2E4502DB224A7C5600820920 /* AppDelegate.swift */; };
		2E4502DE224A7C5600820920 /* ViewController.swift in Sources */ = {isa = PBXBuildFile; fileRef = 2E4502DD224A7C5600820920 /* ViewController.swift */; };
		2E4502E1224A7C5600820920 /* Main.storyboard in Resources */ = {isa = PBXBuildFile; fileRef = 2E4502DF224A7C5600820920 /* Main.storyboard */; };
		2E4502E3224A7C5600820920 /* Assets.xcassets in Resources */ = {isa = PBXBuildFile; fileRef = 2E4502E2224A7C5600820920 /* Assets.xcassets */; };
		2E4502E6224A7C5600820920 /* LaunchScreen.storyboard in Resources */ = {isa = PBXBuildFile; fileRef = 2E4502E4224A7C5600820920 /* LaunchScreen.storyboard */; };
		2E4502EE224A95CE00820920 /* ModalSecondViewController.swift in Sources */ = {isa = PBXBuildFile; fileRef = 2E4502ED224A95CE00820920 /* ModalSecondViewController.swift */; };
		2E4502F0224A995900820920 /* NavigationBaseViewController.swift in Sources */ = {isa = PBXBuildFile; fileRef = 2E4502EF224A995900820920 /* NavigationBaseViewController.swift */; };
		2E4502F2224A996300820920 /* NavigationNameViewController.swift in Sources */ = {isa = PBXBuildFile; fileRef = 2E4502F1224A996300820920 /* NavigationNameViewController.swift */; };
/* End PBXBuildFile section */

/* Begin PBXFileReference section */
		2E4502D8224A7C5600820920 /* NavigationTutorial.app */ = {isa = PBXFileReference; explicitFileType = wrapper.application; includeInIndex = 0; path = NavigationTutorial.app; sourceTree = BUILT_PRODUCTS_DIR; };
		2E4502DB224A7C5600820920 /* AppDelegate.swift */ = {isa = PBXFileReference; lastKnownFileType = sourcecode.swift; path = AppDelegate.swift; sourceTree = "<group>"; };
		2E4502DD224A7C5600820920 /* ViewController.swift */ = {isa = PBXFileReference; lastKnownFileType = sourcecode.swift; path = ViewController.swift; sourceTree = "<group>"; };
		2E4502E0224A7C5600820920 /* Base */ = {isa = PBXFileReference; lastKnownFileType = file.storyboard; name = Base; path = Base.lproj/Main.storyboard; sourceTree = "<group>"; };
		2E4502E2224A7C5600820920 /* Assets.xcassets */ = {isa = PBXFileReference; lastKnownFileType = folder.assetcatalog; path = Assets.xcassets; sourceTree = "<group>"; };
		2E4502E5224A7C5600820920 /* Base */ = {isa = PBXFileReference; lastKnownFileType = file.storyboard; name = Base; path = Base.lproj/LaunchScreen.storyboard; sourceTree = "<group>"; };
		2E4502E7224A7C5600820920 /* Info.plist */ = {isa = PBXFileReference; lastKnownFileType = text.plist.xml; path = Info.plist; sourceTree = "<group>"; };
		2E4502ED224A95CE00820920 /* ModalSecondViewController.swift */ = {isa = PBXFileReference; lastKnownFileType = sourcecode.swift; path = ModalSecondViewController.swift; sourceTree = "<group>"; };
		2E4502EF224A995900820920 /* NavigationBaseViewController.swift */ = {isa = PBXFileReference; lastKnownFileType = sourcecode.swift; path = NavigationBaseViewController.swift; sourceTree = "<group>"; };
		2E4502F1224A996300820920 /* NavigationNameViewController.swift */ = {isa = PBXFileReference; lastKnownFileType = sourcecode.swift; path = NavigationNameViewController.swift; sourceTree = "<group>"; };
/* End PBXFileReference section */

/* Begin PBXFrameworksBuildPhase section */
		2E4502D5224A7C5600820920 /* Frameworks */ = {
			isa = PBXFrameworksBuildPhase;
			buildActionMask = 2147483647;
			files = (
			);
			runOnlyForDeploymentPostprocessing = 0;
		};
/* End PBXFrameworksBuildPhase section */

/* Begin PBXGroup section */
		2E4502CF224A7C5600820920 = {
			isa = PBXGroup;
			children = (
				2E4502DA224A7C5600820920 /* NavigationTutorial */,
				2E4502D9224A7C5600820920 /* Products */,
			);
			sourceTree = "<group>";
		};
		2E4502D9224A7C5600820920 /* Products */ = {
			isa = PBXGroup;
			children = (
				2E4502D8224A7C5600820920 /* NavigationTutorial.app */,
			);
			name = Products;
			sourceTree = "<group>";
		};
		2E4502DA224A7C5600820920 /* NavigationTutorial */ = {
			isa = PBXGroup;
			children = (
				2E4502DB224A7C5600820920 /* AppDelegate.swift */,
				2E4502DD224A7C5600820920 /* ViewController.swift */,
				2E4502ED224A95CE00820920 /* ModalSecondViewController.swift */,
				2E4502EF224A995900820920 /* NavigationBaseViewController.swift */,
				2E4502F1224A996300820920 /* NavigationNameViewController.swift */,
				2E4502DF224A7C5600820920 /* Main.storyboard */,
				2E4502E2224A7C5600820920 /* Assets.xcassets */,
				2E4502E4224A7C5600820920 /* LaunchScreen.storyboard */,
				2E4502E7224A7C5600820920 /* Info.plist */,
			);
			path = NavigationTutorial;
			sourceTree = "<group>";
		};
/* End PBXGroup section */

/* Begin PBXNativeTarget section */
		2E4502D7224A7C5600820920 /* NavigationTutorial */ = {
			isa = PBXNativeTarget;
			buildConfigurationList = 2E4502EA224A7C5600820920 /* Build configuration list for PBXNativeTarget "NavigationTutorial" */;
			buildPhases = (
				2E4502D4224A7C5600820920 /* Sources */,
				2E4502D5224A7C5600820920 /* Frameworks */,
				2E4502D6224A7C5600820920 /* Resources */,
			);
			buildRules = (
			);
			dependencies = (
			);
			name = NavigationTutorial;
			productName = NavigationTutorial;
			productReference = 2E4502D8224A7C5600820920 /* NavigationTutorial.app */;
			productType = "com.apple.product-type.application";
		};
/* End PBXNativeTarget section */

/* Begin PBXProject section */
		2E4502D0224A7C5600820920 /* Project object */ = {
			isa = PBXProject;
			attributes = {
				LastSwiftUpdateCheck = 1010;
				LastUpgradeCheck = 1010;
				ORGANIZATIONNAME = "Gabriele Palma";
				TargetAttributes = {
					2E4502D7224A7C5600820920 = {
						CreatedOnToolsVersion = 10.1;
					};
				};
			};
			buildConfigurationList = 2E4502D3224A7C5600820920 /* Build configuration list for PBXProject "NavigationTutorial" */;
			compatibilityVersion = "Xcode 9.3";
			developmentRegion = en;
			hasScannedForEncodings = 0;
			knownRegions = (
				en,
				Base,
			);
			mainGroup = 2E4502CF224A7C5600820920;
			productRefGroup = 2E4502D9224A7C5600820920 /* Products */;
			projectDirPath = "";
			projectRoot = "";
			targets = (
				2E4502D7224A7C5600820920 /* NavigationTutorial */,
			);
		};
/* End PBXProject section */

/* Begin PBXResourcesBuildPhase section */
		2E4502D6224A7C5600820920 /* Resources */ = {
			isa = PBXResourcesBuildPhase;
			buildActionMask = 2147483647;
			files = (
				2E4502E6224A7C5600820920 /* LaunchScreen.storyboard in Resources */,
				2E4502E3224A7C5600820920 /* Assets.xcassets in Resources */,
				2E4502E1224A7C5600820920 /* Main.storyboard in Resources */,
			);
			runOnlyForDeploymentPostprocessing = 0;
		};
/* End PBXResourcesBuildPhase section */

/* Begin PBXSourcesBuildPhase section */
		2E4502D4224A7C5600820920 /* Sources */ = {
			isa = PBXSourcesBuildPhase;
			buildActionMask = 2147483647;
			files = (
				2E4502DE224A7C5600820920 /* ViewController.swift in Sources */,
				2E4502DC224A7C5600820920 /* AppDelegate.swift in Sources */,
				2E4502F2224A996300820920 /* NavigationNameViewController.swift in Sources */,
				2E4502EE224A95CE00820920 /* ModalSecondViewController.swift in Sources */,
				2E4502F0224A995900820920 /* NavigationBaseViewController.swift in Sources */,
			);
			runOnlyForDeploymentPostprocessing = 0;
		};
/* End PBXSourcesBuildPhase section */

/* Begin PBXVariantGroup section */
		2E4502DF224A7C5600820920 /* Main.storyboard */ = {
			isa = PBXVariantGroup;
			children = (
				2E4502E0224A7C5600820920 /* Base */,
			);
			name = Main.storyboard;
			sourceTree = "<group>";
		};
		2E4502E4224A7C5600820920 /* LaunchScreen.storyboard */ = {
			isa = PBXVariantGroup;
			children = (
				2E4502E5224A7C5600820920 /* Base */,
			);
			name = LaunchScreen.storyboard;
			sourceTree = "<group>";
		};
/* End PBXVariantGroup section */

/* Begin XCBuildConfiguration section */
		2E4502E8224A7C5600820920 /* Debug */ = {
			isa = XCBuildConfiguration;
			buildSettings = {
				ALWAYS_SEARCH_USER_PATHS = NO;
				CLANG_ANALYZER_NONNULL = YES;
				CLANG_ANALYZER_NUMBER_OBJECT_CONVERSION = YES_AGGRESSIVE;
				CLANG_CXX_LANGUAGE_STANDARD = "gnu++14";
				CLANG_CXX_LIBRARY = "libc++";
				CLANG_ENABLE_MODULES = YES;
				CLANG_ENABLE_OBJC_ARC = YES;
				CLANG_ENABLE_OBJC_WEAK = YES;
				CLANG_WARN_BLOCK_CAPTURE_AUTORELEASING = YES;
				CLANG_WARN_BOOL_CONVERSION = YES;
				CLANG_WARN_COMMA = YES;
				CLANG_WARN_CONSTANT_CONVERSION = YES;
				CLANG_WARN_DEPRECATED_OBJC_IMPLEMENTATIONS = YES;
				CLANG_WARN_DIRECT_OBJC_ISA_USAGE = YES_ERROR;
				CLANG_WARN_DOCUMENTATION_COMMENTS = YES;
				CLANG_WARN_EMPTY_BODY = YES;
				CLANG_WARN_ENUM_CONVERSION = YES;
				CLANG_WARN_INFINITE_RECURSION = YES;
				CLANG_WARN_INT_CONVERSION = YES;
				CLANG_WARN_NON_LITERAL_NULL_CONVERSION = YES;
				CLANG_WARN_OBJC_IMPLICIT_RETAIN_SELF = YES;
				CLANG_WARN_OBJC_LITERAL_CONVERSION = YES;
				CLANG_WARN_OBJC_ROOT_CLASS = YES_ERROR;
				CLANG_WARN_RANGE_LOOP_ANALYSIS = YES;
				CLANG_WARN_STRICT_PROTOTYPES = YES;
				CLANG_WARN_SUSPICIOUS_MOVE = YES;
				CLANG_WARN_UNGUARDED_AVAILABILITY = YES_AGGRESSIVE;
				CLANG_WARN_UNREACHABLE_CODE = YES;
				CLANG_WARN__DUPLICATE_METHOD_MATCH = YES;
				CODE_SIGN_IDENTITY = "iPhone Developer";
				COPY_PHASE_STRIP = NO;
				DEBUG_INFORMATION_FORMAT = dwarf;
				ENABLE_STRICT_OBJC_MSGSEND = YES;
				ENABLE_TESTABILITY = YES;
				GCC_C_LANGUAGE_STANDARD = gnu11;
				GCC_DYNAMIC_NO_PIC = NO;
				GCC_NO_COMMON_BLOCKS = YES;
				GCC_OPTIMIZATION_LEVEL = 0;
				GCC_PREPROCESSOR_DEFINITIONS = (
					"DEBUG=1",
					"$(inherited)",
				);
				GCC_WARN_64_TO_32_BIT_CONVERSION = YES;
				GCC_WARN_ABOUT_RETURN_TYPE = YES_ERROR;
				GCC_WARN_UNDECLARED_SELECTOR = YES;
				GCC_WARN_UNINITIALIZED_AUTOS = YES_AGGRESSIVE;
				GCC_WARN_UNUSED_FUNCTION = YES;
				GCC_WARN_UNUSED_VARIABLE = YES;
				IPHONEOS_DEPLOYMENT_TARGET = 12.1;
				MTL_ENABLE_DEBUG_INFO = INCLUDE_SOURCE;
				MTL_FAST_MATH = YES;
				ONLY_ACTIVE_ARCH = YES;
				SDKROOT = iphoneos;
				SWIFT_ACTIVE_COMPILATION_CONDITIONS = DEBUG;
				SWIFT_OPTIMIZATION_LEVEL = "-Onone";
			};
			name = Debug;
		};
		2E4502E9224A7C5600820920 /* Release */ = {
			isa = XCBuildConfiguration;
			buildSettings = {
				ALWAYS_SEARCH_USER_PATHS = NO;
				CLANG_ANALYZER_NONNULL = YES;
				CLANG_ANALYZER_NUMBER_OBJECT_CONVERSION = YES_AGGRESSIVE;
				CLANG_CXX_LANGUAGE_STANDARD = "gnu++14";
				CLANG_CXX_LIBRARY = "libc++";
				CLANG_ENABLE_MODULES = YES;
				CLANG_ENABLE_OBJC_ARC = YES;
				CLANG_ENABLE_OBJC_WEAK = YES;
				CLANG_WARN_BLOCK_CAPTURE_AUTORELEASING = YES;
				CLANG_WARN_BOOL_CONVERSION = YES;
				CLANG_WARN_COMMA = YES;
				CLANG_WARN_CONSTANT_CONVERSION = YES;
				CLANG_WARN_DEPRECATED_OBJC_IMPLEMENTATIONS = YES;
				CLANG_WARN_DIRECT_OBJC_ISA_USAGE = YES_ERROR;
				CLANG_WARN_DOCUMENTATION_COMMENTS = YES;
				CLANG_WARN_EMPTY_BODY = YES;
				CLANG_WARN_ENUM_CONVERSION = YES;
				CLANG_WARN_INFINITE_RECURSION = YES;
				CLANG_WARN_INT_CONVERSION = YES;
				CLANG_WARN_NON_LITERAL_NULL_CONVERSION = YES;
				CLANG_WARN_OBJC_IMPLICIT_RETAIN_SELF = YES;
				CLANG_WARN_OBJC_LITERAL_CONVERSION = YES;
				CLANG_WARN_OBJC_ROOT_CLASS = YES_ERROR;
				CLANG_WARN_RANGE_LOOP_ANALYSIS = YES;
				CLANG_WARN_STRICT_PROTOTYPES = YES;
				CLANG_WARN_SUSPICIOUS_MOVE = YES;
				CLANG_WARN_UNGUARDED_AVAILABILITY = YES_AGGRESSIVE;
				CLANG_WARN_UNREACHABLE_CODE = YES;
				CLANG_WARN__DUPLICATE_METHOD_MATCH = YES;
				CODE_SIGN_IDENTITY = "iPhone Developer";
				COPY_PHASE_STRIP = NO;
				DEBUG_INFORMATION_FORMAT = "dwarf-with-dsym";
				ENABLE_NS_ASSERTIONS = NO;
				ENABLE_STRICT_OBJC_MSGSEND = YES;
				GCC_C_LANGUAGE_STANDARD = gnu11;
				GCC_NO_COMMON_BLOCKS = YES;
				GCC_WARN_64_TO_32_BIT_CONVERSION = YES;
				GCC_WARN_ABOUT_RETURN_TYPE = YES_ERROR;
				GCC_WARN_UNDECLARED_SELECTOR = YES;
				GCC_WARN_UNINITIALIZED_AUTOS = YES_AGGRESSIVE;
				GCC_WARN_UNUSED_FUNCTION = YES;
				GCC_WARN_UNUSED_VARIABLE = YES;
				IPHONEOS_DEPLOYMENT_TARGET = 12.1;
				MTL_ENABLE_DEBUG_INFO = NO;
				MTL_FAST_MATH = YES;
				SDKROOT = iphoneos;
				SWIFT_COMPILATION_MODE = wholemodule;
				SWIFT_OPTIMIZATION_LEVEL = "-O";
				VALIDATE_PRODUCT = YES;
			};
			name = Release;
		};
		2E4502EB224A7C5600820920 /* Debug */ = {
			isa = XCBuildConfiguration;
			buildSettings = {
				ASSETCATALOG_COMPILER_APPICON_NAME = AppIcon;
				CODE_SIGN_STYLE = Automatic;
				DEVELOPMENT_TEAM = SAYTHF9KR3;
				INFOPLIST_FILE = NavigationTutorial/Info.plist;
				LD_RUNPATH_SEARCH_PATHS = (
					"$(inherited)",
					"@executable_path/Frameworks",
				);
				PRODUCT_BUNDLE_IDENTIFIER = it.gabrielepalma.NavigationTutorial;
				PRODUCT_NAME = "$(TARGET_NAME)";
				SWIFT_VERSION = 4.2;
				TARGETED_DEVICE_FAMILY = "1,2";
			};
			name = Debug;
		};
		2E4502EC224A7C5600820920 /* Release */ = {
			isa = XCBuildConfiguration;
			buildSettings = {
				ASSETCATALOG_COMPILER_APPICON_NAME = AppIcon;
				CODE_SIGN_STYLE = Automatic;
				DEVELOPMENT_TEAM = SAYTHF9KR3;
				INFOPLIST_FILE = NavigationTutorial/Info.plist;
				LD_RUNPATH_SEARCH_PATHS = (
					"$(inherited)",
					"@executable_path/Frameworks",
				);
				PRODUCT_BUNDLE_IDENTIFIER = it.gabrielepalma.NavigationTutorial;
				PRODUCT_NAME = "$(TARGET_NAME)";
				SWIFT_VERSION = 4.2;
				TARGETED_DEVICE_FAMILY = "1,2";
			};
			name = Release;
		};
/* End XCBuildConfiguration section */

/* Begin XCConfigurationList section */
		2E4502D3224A7C5600820920 /* Build configuration list for PBXProject "NavigationTutorial" */ = {
			isa = XCConfigurationList;
			buildConfigurations = (
				2E4502E8224A7C5600820920 /* Debug */,
				2E4502E9224A7C5600820920 /* Release */,
			);
			defaultConfigurationIsVisible = 0;
			defaultConfigurationName = Release;
		};
		2E4502EA224A7C5600820920 /* Build configuration list for PBXNativeTarget "NavigationTutorial" */ = {
			isa = XCConfigurationList;
			buildConfigurations = (
				2E4502EB224A7C5600820920 /* Debug */,
				2E4502EC224A7C5600820920 /* Release */,
			);
			defaultConfigurationIsVisible = 0;
			defaultConfigurationName = Release;
		};
/* End XCConfigurationList section */
	};
	rootObject = 2E4502D0224A7C5600820920 /* Project object */;
}
